
Microsoft Visual Studio Solution File, Format Version 12.00
# Visual Studio 15
VisualStudioVersion = 15.0.27703.2035
MinimumVisualStudioVersion = 10.0.40219.1
Project("{FAE04EC0-301F-11D3-BF4B-00C04F79EFBC}") = "GameInterface", "GameInterface\GameInterface.csproj", "{2CD07A46-6551-47B7-BC6F-07738FC26972}"
EndProject
Global
	GlobalSection(SolutionConfigurationPlatforms) = preSolution
		Debug|Any CPU = Debug|Any CPU
		Release|Any CPU = Release|Any CPU
	EndGlobalSection
	GlobalSection(ProjectConfigurationPlatforms) = postSolution
		{2CD07A46-6551-47B7-BC6F-07738FC26972}.Debug|Any CPU.ActiveCfg = Debug|Any CPU
		{2CD07A46-6551-47B7-BC6F-07738FC26972}.Debug|Any CPU.Build.0 = Debug|Any CPU
		{2CD07A46-6551-47B7-BC6F-07738FC26972}.Release|Any CPU.ActiveCfg = Release|Any CPU
		{2CD07A46-6551-47B7-BC6F-07738FC26972}.Release|Any CPU.Build.0 = Release|Any CPU
	EndGlobalSection
	GlobalSection(SolutionProperties) = preSolution
		HideSolutionNode = FALSE
	EndGlobalSection
	GlobalSection(ExtensibilityGlobals) = postSolution
		SolutionGuid = {97A61B82-0E2E-4457-B426-E308191A2C9B}
	EndGlobalSection
EndGlobal
